// !$*UTF8*$!
{
	archiveVersion = 1;
	classes = {
	};
	objectVersion = 45;
	objects = {

/* Begin PBXBuildFile section */
		7023366612FC52E0000C7BE5 /* Platform.cc in Sources */ = {isa = PBXBuildFile; fileRef = 7023364412FC4E31000C7BE5 /* Platform.cc */; };
		7023366E12FC533E000C7BE5 /* gtest.cc in Sources */ = {isa = PBXBuildFile; fileRef = 702335D412FB51EF000C7BE5 /* gtest.cc */; };
		7023366F12FC5344000C7BE5 /* gtest-death-test.cc in Sources */ = {isa = PBXBuildFile; fileRef = 702335CF12FB51EF000C7BE5 /* gtest-death-test.cc */; };
		7023367012FC5348000C7BE5 /* gtest-filepath.cc in Sources */ = {isa = PBXBuildFile; fileRef = 702335D012FB51EF000C7BE5 /* gtest-filepath.cc */; };
		7023367112FC534E000C7BE5 /* gtest-port.cc in Sources */ = {isa = PBXBuildFile; fileRef = 702335D112FB51EF000C7BE5 /* gtest-port.cc */; };
		7023367212FC5352000C7BE5 /* gtest-test-part.cc in Sources */ = {isa = PBXBuildFile; fileRef = 702335D212FB51EF000C7BE5 /* gtest-test-part.cc */; };
		7023367312FC5357000C7BE5 /* gtest-typed-test.cc in Sources */ = {isa = PBXBuildFile; fileRef = 702335D312FB51EF000C7BE5 /* gtest-typed-test.cc */; };
		7023367712FC53AC000C7BE5 /* libapto.a in Frameworks */ = {isa = PBXBuildFile; fileRef = 7023364912FC50C1000C7BE5 /* libapto.a */; };
		7023367812FC53AE000C7BE5 /* libgtest.a in Frameworks */ = {isa = PBXBuildFile; fileRef = 7023366B12FC5320000C7BE5 /* libgtest.a */; };
		7023369E12FC5F51000C7BE5 /* Thread.cc in Sources */ = {isa = PBXBuildFile; fileRef = 7023369D12FC5F51000C7BE5 /* Thread.cc */; };
		704031F61314259100F2F055 /* Functions.cc in Sources */ = {isa = PBXBuildFile; fileRef = 704031F51314259100F2F055 /* Functions.cc */; };
		706B1E9712FC9C2C006EAB7F /* RefCount.cc in Sources */ = {isa = PBXBuildFile; fileRef = 706B1E9612FC9C2C006EAB7F /* RefCount.cc */; };
		706B1E9912FC9C44006EAB7F /* EntryHandle.cc in Sources */ = {isa = PBXBuildFile; fileRef = 706B1E9812FC9C44006EAB7F /* EntryHandle.cc */; };
		7089301B1304F2F200F8C440 /* FileSystem.cc in Sources */ = {isa = PBXBuildFile; fileRef = 7023362012FB5A77000C7BE5 /* FileSystem.cc */; };
		709B2F90131C3B5B0081E874 /* main.cc in Sources */ = {isa = PBXBuildFile; fileRef = 709B2F82131C3A650081E874 /* main.cc */; };
		709B2F91131C3B740081E874 /* libapto.a in Frameworks */ = {isa = PBXBuildFile; fileRef = 7023364912FC50C1000C7BE5 /* libapto.a */; };
		70EE0D711309B1C400D6C016 /* Array.cc in Sources */ = {isa = PBXBuildFile; fileRef = 702335F012FB5281000C7BE5 /* Array.cc */; };
		70EE0D861309DB8400D6C016 /* ArrayUtils.cc in Sources */ = {isa = PBXBuildFile; fileRef = 70EE0D781309DB8300D6C016 /* ArrayUtils.cc */; };
		70EE0D871309DB8400D6C016 /* ConditionVariable.cc in Sources */ = {isa = PBXBuildFile; fileRef = 70EE0D791309DB8300D6C016 /* ConditionVariable.cc */; };
		70EE0D881309DB8400D6C016 /* FileSystem.cc in Sources */ = {isa = PBXBuildFile; fileRef = 70EE0D7A1309DB8300D6C016 /* FileSystem.cc */; };
		70EE0D891309DB8400D6C016 /* List.cc in Sources */ = {isa = PBXBuildFile; fileRef = 70EE0D7B1309DB8300D6C016 /* List.cc */; };
		70EE0D8A1309DB8400D6C016 /* Map.cc in Sources */ = {isa = PBXBuildFile; fileRef = 70EE0D7C1309DB8300D6C016 /* Map.cc */; };
		70EE0D8B1309DB8400D6C016 /* Mutex.cc in Sources */ = {isa = PBXBuildFile; fileRef = 70EE0D7D1309DB8300D6C016 /* Mutex.cc */; };
		70EE0D8C1309DB8400D6C016 /* Pair.cc in Sources */ = {isa = PBXBuildFile; fileRef = 70EE0D7E1309DB8300D6C016 /* Pair.cc */; };
		70EE0D8D1309DB8400D6C016 /* RWLock.cc in Sources */ = {isa = PBXBuildFile; fileRef = 70EE0D7F1309DB8300D6C016 /* RWLock.cc */; };
		70EE0D8E1309DB8400D6C016 /* Set.cc in Sources */ = {isa = PBXBuildFile; fileRef = 70EE0D801309DB8300D6C016 /* Set.cc */; };
		70EE0D8F1309DB8400D6C016 /* SmartPtr.cc in Sources */ = {isa = PBXBuildFile; fileRef = 70EE0D811309DB8300D6C016 /* SmartPtr.cc */; };
		70EE0D901309DB8400D6C016 /* String.cc in Sources */ = {isa = PBXBuildFile; fileRef = 70EE0D821309DB8300D6C016 /* String.cc */; };
		70EE0D911309DB8400D6C016 /* StringBuffer.cc in Sources */ = {isa = PBXBuildFile; fileRef = 70EE0D831309DB8300D6C016 /* StringBuffer.cc */; };
		70EE0D921309DB8400D6C016 /* Thread.cc in Sources */ = {isa = PBXBuildFile; fileRef = 70EE0D841309DB8300D6C016 /* Thread.cc */; };
		70EE0D931309DB8400D6C016 /* ThreadSpecific.cc in Sources */ = {isa = PBXBuildFile; fileRef = 70EE0D851309DB8300D6C016 /* ThreadSpecific.cc */; };
		70EE0D961309DD3D00D6C016 /* FloatingPoint.cc in Sources */ = {isa = PBXBuildFile; fileRef = 70EE0D951309DD3D00D6C016 /* FloatingPoint.cc */; };
		70EE0DAC130AED6700D6C016 /* ContingencyTable.cc in Sources */ = {isa = PBXBuildFile; fileRef = 70EE0DAA130AED6700D6C016 /* ContingencyTable.cc */; };
		70EE0DAD130AED6700D6C016 /* FishersExact.cc in Sources */ = {isa = PBXBuildFile; fileRef = 70EE0DAB130AED6700D6C016 /* FishersExact.cc */; };
		70EE0DB7130B17B100D6C016 /* ContingencyTable.cc in Sources */ = {isa = PBXBuildFile; fileRef = 70EE0DB6130B17B100D6C016 /* ContingencyTable.cc */; };
		8DD76F650486A84900D96B5E /* main.cc in Sources */ = {isa = PBXBuildFile; fileRef = 08FB7796FE84155DC02AAC07 /* main.cc */; settings = {ATTRIBUTES = (); }; };
/* End PBXBuildFile section */

/* Begin PBXContainerItemProxy section */
		7023366312FC52CD000C7BE5 /* PBXContainerItemProxy */ = {
			isa = PBXContainerItemProxy;
			containerPortal = 08FB7793FE84155DC02AAC07 /* Project object */;
			proxyType = 1;
			remoteGlobalIDString = 7023364812FC50C1000C7BE5;
			remoteInfo = apto;
		};
		7023367512FC5399000C7BE5 /* PBXContainerItemProxy */ = {
			isa = PBXContainerItemProxy;
			containerPortal = 08FB7793FE84155DC02AAC07 /* Project object */;
			proxyType = 1;
			remoteGlobalIDString = 7023366A12FC5320000C7BE5;
			remoteInfo = gtest;
		};
/* End PBXContainerItemProxy section */

/* Begin PBXCopyFilesBuildPhase section */
		709B2F85131C3B470081E874 /* CopyFiles */ = {
			isa = PBXCopyFilesBuildPhase;
			buildActionMask = 2147483647;
			dstPath = /usr/share/man/man1/;
			dstSubfolderSpec = 0;
			files = (
			);
			runOnlyForDeploymentPostprocessing = 1;
		};
		8DD76F690486A84900D96B5E /* CopyFiles */ = {
			isa = PBXCopyFilesBuildPhase;
			buildActionMask = 8;
			dstPath = /usr/share/man/man1/;
			dstSubfolderSpec = 0;
			files = (
			);
			runOnlyForDeploymentPostprocessing = 1;
		};
/* End PBXCopyFilesBuildPhase section */

/* Begin PBXFileReference section */
		08FB7796FE84155DC02AAC07 /* main.cc */ = {isa = PBXFileReference; fileEncoding = 4; lastKnownFileType = sourcecode.cpp.cpp; path = main.cc; sourceTree = "<group>"; };
		702335CE12FB51EF000C7BE5 /* gtest-all.cc */ = {isa = PBXFileReference; fileEncoding = 4; lastKnownFileType = sourcecode.cpp.cpp; path = "gtest-all.cc"; sourceTree = "<group>"; };
		702335CF12FB51EF000C7BE5 /* gtest-death-test.cc */ = {isa = PBXFileReference; fileEncoding = 4; lastKnownFileType = sourcecode.cpp.cpp; path = "gtest-death-test.cc"; sourceTree = "<group>"; };
		702335D012FB51EF000C7BE5 /* gtest-filepath.cc */ = {isa = PBXFileReference; fileEncoding = 4; lastKnownFileType = sourcecode.cpp.cpp; path = "gtest-filepath.cc"; sourceTree = "<group>"; };
		702335D112FB51EF000C7BE5 /* gtest-port.cc */ = {isa = PBXFileReference; fileEncoding = 4; lastKnownFileType = sourcecode.cpp.cpp; path = "gtest-port.cc"; sourceTree = "<group>"; };
		702335D212FB51EF000C7BE5 /* gtest-test-part.cc */ = {isa = PBXFileReference; fileEncoding = 4; lastKnownFileType = sourcecode.cpp.cpp; path = "gtest-test-part.cc"; sourceTree = "<group>"; };
		702335D312FB51EF000C7BE5 /* gtest-typed-test.cc */ = {isa = PBXFileReference; fileEncoding = 4; lastKnownFileType = sourcecode.cpp.cpp; path = "gtest-typed-test.cc"; sourceTree = "<group>"; };
		702335D412FB51EF000C7BE5 /* gtest.cc */ = {isa = PBXFileReference; fileEncoding = 4; lastKnownFileType = sourcecode.cpp.cpp; path = gtest.cc; sourceTree = "<group>"; };
		702335D512FB51EF000C7BE5 /* gtest_main.cc */ = {isa = PBXFileReference; fileEncoding = 4; lastKnownFileType = sourcecode.cpp.cpp; path = gtest_main.cc; sourceTree = "<group>"; };
		702335D812FB51EF000C7BE5 /* gtest-death-test.h */ = {isa = PBXFileReference; fileEncoding = 4; lastKnownFileType = sourcecode.c.h; path = "gtest-death-test.h"; sourceTree = "<group>"; };
		702335D912FB51EF000C7BE5 /* gtest-message.h */ = {isa = PBXFileReference; fileEncoding = 4; lastKnownFileType = sourcecode.c.h; path = "gtest-message.h"; sourceTree = "<group>"; };
		702335DA12FB51EF000C7BE5 /* gtest-param-test.h */ = {isa = PBXFileReference; fileEncoding = 4; lastKnownFileType = sourcecode.c.h; path = "gtest-param-test.h"; sourceTree = "<group>"; };
		702335DB12FB51EF000C7BE5 /* gtest-spi.h */ = {isa = PBXFileReference; fileEncoding = 4; lastKnownFileType = sourcecode.c.h; path = "gtest-spi.h"; sourceTree = "<group>"; };
		702335DC12FB51EF000C7BE5 /* gtest-test-part.h */ = {isa = PBXFileReference; fileEncoding = 4; lastKnownFileType = sourcecode.c.h; path = "gtest-test-part.h"; sourceTree = "<group>"; };
		702335DD12FB51EF000C7BE5 /* gtest-typed-test.h */ = {isa = PBXFileReference; fileEncoding = 4; lastKnownFileType = sourcecode.c.h; path = "gtest-typed-test.h"; sourceTree = "<group>"; };
		702335DE12FB51EF000C7BE5 /* gtest.h */ = {isa = PBXFileReference; fileEncoding = 4; lastKnownFileType = sourcecode.c.h; path = gtest.h; sourceTree = "<group>"; };
		702335DF12FB51EF000C7BE5 /* gtest_pred_impl.h */ = {isa = PBXFileReference; fileEncoding = 4; lastKnownFileType = sourcecode.c.h; path = gtest_pred_impl.h; sourceTree = "<group>"; };
		702335E012FB51EF000C7BE5 /* gtest_prod.h */ = {isa = PBXFileReference; fileEncoding = 4; lastKnownFileType = sourcecode.c.h; path = gtest_prod.h; sourceTree = "<group>"; };
		702335E212FB51EF000C7BE5 /* gtest-death-test-internal.h */ = {isa = PBXFileReference; fileEncoding = 4; lastKnownFileType = sourcecode.c.h; path = "gtest-death-test-internal.h"; sourceTree = "<group>"; };
		702335E312FB51EF000C7BE5 /* gtest-filepath.h */ = {isa = PBXFileReference; fileEncoding = 4; lastKnownFileType = sourcecode.c.h; path = "gtest-filepath.h"; sourceTree = "<group>"; };
		702335E412FB51EF000C7BE5 /* gtest-internal-inl.h */ = {isa = PBXFileReference; fileEncoding = 4; lastKnownFileType = sourcecode.c.h; path = "gtest-internal-inl.h"; sourceTree = "<group>"; };
		702335E512FB51EF000C7BE5 /* gtest-internal.h */ = {isa = PBXFileReference; fileEncoding = 4; lastKnownFileType = sourcecode.c.h; path = "gtest-internal.h"; sourceTree = "<group>"; };
		702335E612FB51EF000C7BE5 /* gtest-linked_ptr.h */ = {isa = PBXFileReference; fileEncoding = 4; lastKnownFileType = sourcecode.c.h; path = "gtest-linked_ptr.h"; sourceTree = "<group>"; };
		702335E712FB51EF000C7BE5 /* gtest-param-util-generated.h */ = {isa = PBXFileReference; fileEncoding = 4; lastKnownFileType = sourcecode.c.h; path = "gtest-param-util-generated.h"; sourceTree = "<group>"; };
		702335E812FB51EF000C7BE5 /* gtest-param-util.h */ = {isa = PBXFileReference; fileEncoding = 4; lastKnownFileType = sourcecode.c.h; path = "gtest-param-util.h"; sourceTree = "<group>"; };
		702335E912FB51EF000C7BE5 /* gtest-port.h */ = {isa = PBXFileReference; fileEncoding = 4; lastKnownFileType = sourcecode.c.h; path = "gtest-port.h"; sourceTree = "<group>"; };
		702335EA12FB51EF000C7BE5 /* gtest-string.h */ = {isa = PBXFileReference; fileEncoding = 4; lastKnownFileType = sourcecode.c.h; path = "gtest-string.h"; sourceTree = "<group>"; };
		702335EB12FB51EF000C7BE5 /* gtest-tuple.h */ = {isa = PBXFileReference; fileEncoding = 4; lastKnownFileType = sourcecode.c.h; path = "gtest-tuple.h"; sourceTree = "<group>"; };
		702335EC12FB51EF000C7BE5 /* gtest-type-util.h */ = {isa = PBXFileReference; fileEncoding = 4; lastKnownFileType = sourcecode.c.h; path = "gtest-type-util.h"; sourceTree = "<group>"; };
		702335ED12FB51EF000C7BE5 /* LICENSE */ = {isa = PBXFileReference; fileEncoding = 4; lastKnownFileType = text; path = LICENSE; sourceTree = "<group>"; };
		702335EE12FB51EF000C7BE5 /* README.apto */ = {isa = PBXFileReference; fileEncoding = 4; lastKnownFileType = text; path = README.apto; sourceTree = "<group>"; };
		702335F012FB5281000C7BE5 /* Array.cc */ = {isa = PBXFileReference; fileEncoding = 4; lastKnownFileType = sourcecode.cpp.cpp; path = Array.cc; sourceTree = "<group>"; };
		7023362012FB5A77000C7BE5 /* FileSystem.cc */ = {isa = PBXFileReference; fileEncoding = 4; lastKnownFileType = sourcecode.cpp.cpp; path = FileSystem.cc; sourceTree = "<group>"; };
		7023362112FB5AA1000C7BE5 /* FileSystem.h */ = {isa = PBXFileReference; explicitFileType = sourcecode.cpp.h; fileEncoding = 4; path = FileSystem.h; sourceTree = "<group>"; };
		7023364112FC4E19000C7BE5 /* FloatingPoint.h */ = {isa = PBXFileReference; explicitFileType = sourcecode.cpp.h; fileEncoding = 4; path = FloatingPoint.h; sourceTree = "<group>"; };
		7023364212FC4E19000C7BE5 /* Platform.h */ = {isa = PBXFileReference; explicitFileType = sourcecode.cpp.h; fileEncoding = 4; path = Platform.h; sourceTree = "<group>"; };
		7023364412FC4E31000C7BE5 /* Platform.cc */ = {isa = PBXFileReference; fileEncoding = 4; lastKnownFileType = sourcecode.cpp.cpp; path = Platform.cc; sourceTree = "<group>"; };
		7023364912FC50C1000C7BE5 /* libapto.a */ = {isa = PBXFileReference; explicitFileType = archive.ar; includeInIndex = 0; path = libapto.a; sourceTree = BUILT_PRODUCTS_DIR; };
		7023366B12FC5320000C7BE5 /* libgtest.a */ = {isa = PBXFileReference; explicitFileType = archive.ar; includeInIndex = 0; path = libgtest.a; sourceTree = BUILT_PRODUCTS_DIR; };
		7023369B12FC57BE000C7BE5 /* Array.h */ = {isa = PBXFileReference; explicitFileType = sourcecode.cpp.h; fileEncoding = 4; path = Array.h; sourceTree = "<group>"; };
		7023369C12FC5F33000C7BE5 /* Thread.h */ = {isa = PBXFileReference; explicitFileType = sourcecode.cpp.h; fileEncoding = 4; path = Thread.h; sourceTree = "<group>"; };
		7023369D12FC5F51000C7BE5 /* Thread.cc */ = {isa = PBXFileReference; fileEncoding = 4; lastKnownFileType = sourcecode.cpp.cpp; path = Thread.cc; sourceTree = "<group>"; };
		7023369F12FC5FDD000C7BE5 /* Mutex.h */ = {isa = PBXFileReference; explicitFileType = sourcecode.cpp.h; fileEncoding = 4; path = Mutex.h; sourceTree = "<group>"; };
		702336A812FC64AC000C7BE5 /* ConditionVariable.h */ = {isa = PBXFileReference; explicitFileType = sourcecode.cpp.h; fileEncoding = 4; path = ConditionVariable.h; sourceTree = "<group>"; };
		702336A912FC7203000C7BE5 /* ThreadSpecific.h */ = {isa = PBXFileReference; explicitFileType = sourcecode.cpp.h; fileEncoding = 4; path = ThreadSpecific.h; sourceTree = "<group>"; };
		702336AA12FC7309000C7BE5 /* RWLock.h */ = {isa = PBXFileReference; explicitFileType = sourcecode.cpp.h; fileEncoding = 4; path = RWLock.h; sourceTree = "<group>"; };
		702336AF12FC8012000C7BE5 /* Atomic.h */ = {isa = PBXFileReference; explicitFileType = sourcecode.cpp.h; fileEncoding = 4; path = Atomic.h; sourceTree = "<group>"; };
		702336B712FC9106000C7BE5 /* RefCount.h */ = {isa = PBXFileReference; explicitFileType = sourcecode.cpp.h; fileEncoding = 4; path = RefCount.h; sourceTree = "<group>"; };
		702336C212FC94AA000C7BE5 /* Pair.h */ = {isa = PBXFileReference; explicitFileType = sourcecode.cpp.h; fileEncoding = 4; path = Pair.h; sourceTree = "<group>"; };
		704031F51314259100F2F055 /* Functions.cc */ = {isa = PBXFileReference; fileEncoding = 4; lastKnownFileType = sourcecode.cpp.cpp; path = Functions.cc; sourceTree = "<group>"; };
		7043BEA91304707200EA53D6 /* String.h */ = {isa = PBXFileReference; explicitFileType = sourcecode.cpp.h; fileEncoding = 4; path = String.h; sourceTree = "<group>"; };
		7043BEE31305925600EA53D6 /* Map.h */ = {isa = PBXFileReference; explicitFileType = sourcecode.cpp.h; fileEncoding = 4; path = Map.h; sourceTree = "<group>"; };
		7043BEE913059E1200EA53D6 /* ArrayStorage.h */ = {isa = PBXFileReference; explicitFileType = sourcecode.cpp.h; fileEncoding = 4; path = ArrayStorage.h; sourceTree = "<group>"; };
		706B1E9512FC9BA2006EAB7F /* EntryHandle.h */ = {isa = PBXFileReference; explicitFileType = sourcecode.cpp.h; fileEncoding = 4; path = EntryHandle.h; sourceTree = "<group>"; };
		706B1E9612FC9C2C006EAB7F /* RefCount.cc */ = {isa = PBXFileReference; fileEncoding = 4; lastKnownFileType = sourcecode.cpp.cpp; path = RefCount.cc; sourceTree = "<group>"; };
		706B1E9812FC9C44006EAB7F /* EntryHandle.cc */ = {isa = PBXFileReference; fileEncoding = 4; lastKnownFileType = sourcecode.cpp.cpp; path = EntryHandle.cc; sourceTree = "<group>"; };
		706B1E9A12FC9E97006EAB7F /* Iterator.h */ = {isa = PBXFileReference; explicitFileType = sourcecode.cpp.h; fileEncoding = 4; path = Iterator.h; sourceTree = "<group>"; };
		706B1E9E12FCA5C9006EAB7F /* ArrayUtils.h */ = {isa = PBXFileReference; explicitFileType = sourcecode.cpp.h; fileEncoding = 4; path = ArrayUtils.h; sourceTree = "<group>"; };
		706B43221304D52000470F38 /* StringBuffer.h */ = {isa = PBXFileReference; explicitFileType = sourcecode.cpp.h; fileEncoding = 4; path = StringBuffer.h; sourceTree = "<group>"; };
		709B2F82131C3A650081E874 /* main.cc */ = {isa = PBXFileReference; lastKnownFileType = sourcecode.cpp.cpp; path = main.cc; sourceTree = "<group>"; };
		709B2F87131C3B470081E874 /* fexact */ = {isa = PBXFileReference; explicitFileType = "compiled.mach-o.executable"; includeInIndex = 0; path = fexact; sourceTree = BUILT_PRODUCTS_DIR; };
		70E1ECDA1300E2CB00F75FA2 /* SmartPtr.h */ = {isa = PBXFileReference; explicitFileType = sourcecode.cpp.h; fileEncoding = 4; path = SmartPtr.h; sourceTree = "<group>"; };
		70E1ECDB1301C85A00F75FA2 /* TypeSelect.h */ = {isa = PBXFileReference; explicitFileType = sourcecode.cpp.h; fileEncoding = 4; path = TypeSelect.h; sourceTree = "<group>"; };
		70E1ECDC1301D40500F75FA2 /* RefTransport.h */ = {isa = PBXFileReference; explicitFileType = sourcecode.cpp.h; fileEncoding = 4; path = RefTransport.h; sourceTree = "<group>"; };
		70EAB1FD1305E866005B0BBF /* Set.h */ = {isa = PBXFileReference; lastKnownFileType = sourcecode.c.h; path = Set.h; sourceTree = "<group>"; };
		70EE0D6F13099C0A00D6C016 /* List.h */ = {isa = PBXFileReference; lastKnownFileType = sourcecode.c.h; path = List.h; sourceTree = "<group>"; };
		70EE0D701309A40400D6C016 /* core.h */ = {isa = PBXFileReference; lastKnownFileType = sourcecode.c.h; path = core.h; sourceTree = "<group>"; };
		70EE0D781309DB8300D6C016 /* ArrayUtils.cc */ = {isa = PBXFileReference; fileEncoding = 4; lastKnownFileType = sourcecode.cpp.cpp; path = ArrayUtils.cc; sourceTree = "<group>"; };
		70EE0D791309DB8300D6C016 /* ConditionVariable.cc */ = {isa = PBXFileReference; fileEncoding = 4; lastKnownFileType = sourcecode.cpp.cpp; path = ConditionVariable.cc; sourceTree = "<group>"; };
		70EE0D7A1309DB8300D6C016 /* FileSystem.cc */ = {isa = PBXFileReference; fileEncoding = 4; lastKnownFileType = sourcecode.cpp.cpp; path = FileSystem.cc; sourceTree = "<group>"; };
		70EE0D7B1309DB8300D6C016 /* List.cc */ = {isa = PBXFileReference; fileEncoding = 4; lastKnownFileType = sourcecode.cpp.cpp; path = List.cc; sourceTree = "<group>"; };
		70EE0D7C1309DB8300D6C016 /* Map.cc */ = {isa = PBXFileReference; fileEncoding = 4; lastKnownFileType = sourcecode.cpp.cpp; path = Map.cc; sourceTree = "<group>"; };
		70EE0D7D1309DB8300D6C016 /* Mutex.cc */ = {isa = PBXFileReference; fileEncoding = 4; lastKnownFileType = sourcecode.cpp.cpp; path = Mutex.cc; sourceTree = "<group>"; };
		70EE0D7E1309DB8300D6C016 /* Pair.cc */ = {isa = PBXFileReference; fileEncoding = 4; lastKnownFileType = sourcecode.cpp.cpp; path = Pair.cc; sourceTree = "<group>"; };
		70EE0D7F1309DB8300D6C016 /* RWLock.cc */ = {isa = PBXFileReference; fileEncoding = 4; lastKnownFileType = sourcecode.cpp.cpp; path = RWLock.cc; sourceTree = "<group>"; };
		70EE0D801309DB8300D6C016 /* Set.cc */ = {isa = PBXFileReference; fileEncoding = 4; lastKnownFileType = sourcecode.cpp.cpp; path = Set.cc; sourceTree = "<group>"; };
		70EE0D811309DB8300D6C016 /* SmartPtr.cc */ = {isa = PBXFileReference; fileEncoding = 4; lastKnownFileType = sourcecode.cpp.cpp; path = SmartPtr.cc; sourceTree = "<group>"; };
		70EE0D821309DB8300D6C016 /* String.cc */ = {isa = PBXFileReference; fileEncoding = 4; lastKnownFileType = sourcecode.cpp.cpp; path = String.cc; sourceTree = "<group>"; };
		70EE0D831309DB8300D6C016 /* StringBuffer.cc */ = {isa = PBXFileReference; fileEncoding = 4; lastKnownFileType = sourcecode.cpp.cpp; path = StringBuffer.cc; sourceTree = "<group>"; };
		70EE0D841309DB8300D6C016 /* Thread.cc */ = {isa = PBXFileReference; fileEncoding = 4; lastKnownFileType = sourcecode.cpp.cpp; path = Thread.cc; sourceTree = "<group>"; };
		70EE0D851309DB8300D6C016 /* ThreadSpecific.cc */ = {isa = PBXFileReference; fileEncoding = 4; lastKnownFileType = sourcecode.cpp.cpp; path = ThreadSpecific.cc; sourceTree = "<group>"; };
		70EE0D951309DD3D00D6C016 /* FloatingPoint.cc */ = {isa = PBXFileReference; fileEncoding = 4; lastKnownFileType = sourcecode.cpp.cpp; path = FloatingPoint.cc; sourceTree = "<group>"; };
		70EE0D971309E04B00D6C016 /* platform.h */ = {isa = PBXFileReference; lastKnownFileType = sourcecode.c.h; path = platform.h; sourceTree = "<group>"; };
		70EE0DA7130AED4800D6C016 /* ContingencyTable.h */ = {isa = PBXFileReference; lastKnownFileType = sourcecode.c.h; path = ContingencyTable.h; sourceTree = "<group>"; };
		70EE0DA8130AED4800D6C016 /* Functions.h */ = {isa = PBXFileReference; lastKnownFileType = sourcecode.c.h; path = Functions.h; sourceTree = "<group>"; };
		70EE0DAA130AED6700D6C016 /* ContingencyTable.cc */ = {isa = PBXFileReference; fileEncoding = 4; lastKnownFileType = sourcecode.cpp.cpp; path = ContingencyTable.cc; sourceTree = "<group>"; };
		70EE0DAB130AED6700D6C016 /* FishersExact.cc */ = {isa = PBXFileReference; fileEncoding = 4; lastKnownFileType = sourcecode.cpp.cpp; path = FishersExact.cc; sourceTree = "<group>"; };
		70EE0DAE130AEDB700D6C016 /* stat.h */ = {isa = PBXFileReference; lastKnownFileType = sourcecode.c.h; path = stat.h; sourceTree = "<group>"; };
		70EE0DB6130B17B100D6C016 /* ContingencyTable.cc */ = {isa = PBXFileReference; fileEncoding = 4; lastKnownFileType = sourcecode.cpp.cpp; path = ContingencyTable.cc; sourceTree = "<group>"; };
		8DD76F6C0486A84900D96B5E /* apto-test */ = {isa = PBXFileReference; explicitFileType = "compiled.mach-o.executable"; includeInIndex = 0; path = "apto-test"; sourceTree = BUILT_PRODUCTS_DIR; };
/* End PBXFileReference section */

/* Begin PBXFrameworksBuildPhase section */
		7023364712FC50C1000C7BE5 /* Frameworks */ = {
			isa = PBXFrameworksBuildPhase;
			buildActionMask = 2147483647;
			files = (
			);
			runOnlyForDeploymentPostprocessing = 0;
		};
		7023366912FC5320000C7BE5 /* Frameworks */ = {
			isa = PBXFrameworksBuildPhase;
			buildActionMask = 2147483647;
			files = (
			);
			runOnlyForDeploymentPostprocessing = 0;
		};
		709B2F84131C3B470081E874 /* Frameworks */ = {
			isa = PBXFrameworksBuildPhase;
			buildActionMask = 2147483647;
			files = (
				709B2F91131C3B740081E874 /* libapto.a in Frameworks */,
			);
			runOnlyForDeploymentPostprocessing = 0;
		};
		8DD76F660486A84900D96B5E /* Frameworks */ = {
			isa = PBXFrameworksBuildPhase;
			buildActionMask = 2147483647;
			files = (
				7023367812FC53AE000C7BE5 /* libgtest.a in Frameworks */,
				7023367712FC53AC000C7BE5 /* libapto.a in Frameworks */,
			);
			runOnlyForDeploymentPostprocessing = 0;
		};
/* End PBXFrameworksBuildPhase section */

/* Begin PBXGroup section */
		08FB7794FE84155DC02AAC07 /* Apto */ = {
			isa = PBXGroup;
			children = (
				7023361C12FB5900000C7BE5 /* include */,
				08FB7795FE84155DC02AAC07 /* src */,
				702335C212FB41EE000C7BE5 /* unittests */,
				702335CB12FB51EF000C7BE5 /* utils */,
				1AB674ADFE9D54B511CA2CBB /* products */,
			);
			name = Apto;
			sourceTree = "<group>";
		};
		08FB7795FE84155DC02AAC07 /* src */ = {
			isa = PBXGroup;
			children = (
				702335C612FB4274000C7BE5 /* core */,
				7023364312FC4E31000C7BE5 /* platform */,
				70EE0DA9130AED6700D6C016 /* stat */,
			);
			name = src;
			sourceTree = "<group>";
		};
		1AB674ADFE9D54B511CA2CBB /* products */ = {
			isa = PBXGroup;
			children = (
				8DD76F6C0486A84900D96B5E /* apto-test */,
				709B2F87131C3B470081E874 /* fexact */,
				7023364912FC50C1000C7BE5 /* libapto.a */,
				7023366B12FC5320000C7BE5 /* libgtest.a */,
			);
			name = products;
			sourceTree = "<group>";
		};
		702335C212FB41EE000C7BE5 /* unittests */ = {
			isa = PBXGroup;
			children = (
				702335EF12FB5281000C7BE5 /* core */,
				70EE0D941309DD3C00D6C016 /* platform */,
				70EE0DB5130B17B100D6C016 /* stat */,
				08FB7796FE84155DC02AAC07 /* main.cc */,
			);
			path = unittests;
			sourceTree = "<group>";
		};
		702335C612FB4274000C7BE5 /* core */ = {
			isa = PBXGroup;
			children = (
				706B1E9812FC9C44006EAB7F /* EntryHandle.cc */,
				7023362012FB5A77000C7BE5 /* FileSystem.cc */,
				706B1E9612FC9C2C006EAB7F /* RefCount.cc */,
				7023369D12FC5F51000C7BE5 /* Thread.cc */,
			);
			name = core;
			path = src/core;
			sourceTree = "<group>";
		};
		702335CB12FB51EF000C7BE5 /* utils */ = {
			isa = PBXGroup;
			children = (
				709B2F81131C3A650081E874 /* fexact */,
				702335CC12FB51EF000C7BE5 /* unittest */,
			);
			path = utils;
			sourceTree = "<group>";
		};
		702335CC12FB51EF000C7BE5 /* unittest */ = {
			isa = PBXGroup;
			children = (
				702335CD12FB51EF000C7BE5 /* googletest */,
			);
			path = unittest;
			sourceTree = "<group>";
		};
		702335CD12FB51EF000C7BE5 /* googletest */ = {
			isa = PBXGroup;
			children = (
				702335CE12FB51EF000C7BE5 /* gtest-all.cc */,
				702335CF12FB51EF000C7BE5 /* gtest-death-test.cc */,
				702335D012FB51EF000C7BE5 /* gtest-filepath.cc */,
				702335D112FB51EF000C7BE5 /* gtest-port.cc */,
				702335D212FB51EF000C7BE5 /* gtest-test-part.cc */,
				702335D312FB51EF000C7BE5 /* gtest-typed-test.cc */,
				702335D412FB51EF000C7BE5 /* gtest.cc */,
				702335D512FB51EF000C7BE5 /* gtest_main.cc */,
				702335D612FB51EF000C7BE5 /* include */,
				702335ED12FB51EF000C7BE5 /* LICENSE */,
				702335EE12FB51EF000C7BE5 /* README.apto */,
			);
			path = googletest;
			sourceTree = "<group>";
		};
		702335D612FB51EF000C7BE5 /* include */ = {
			isa = PBXGroup;
			children = (
				702335D712FB51EF000C7BE5 /* gtest */,
			);
			path = include;
			sourceTree = "<group>";
		};
		702335D712FB51EF000C7BE5 /* gtest */ = {
			isa = PBXGroup;
			children = (
				702335D812FB51EF000C7BE5 /* gtest-death-test.h */,
				702335D912FB51EF000C7BE5 /* gtest-message.h */,
				702335DA12FB51EF000C7BE5 /* gtest-param-test.h */,
				702335DB12FB51EF000C7BE5 /* gtest-spi.h */,
				702335DC12FB51EF000C7BE5 /* gtest-test-part.h */,
				702335DD12FB51EF000C7BE5 /* gtest-typed-test.h */,
				702335DE12FB51EF000C7BE5 /* gtest.h */,
				702335DF12FB51EF000C7BE5 /* gtest_pred_impl.h */,
				702335E012FB51EF000C7BE5 /* gtest_prod.h */,
				702335E112FB51EF000C7BE5 /* internal */,
			);
			path = gtest;
			sourceTree = "<group>";
		};
		702335E112FB51EF000C7BE5 /* internal */ = {
			isa = PBXGroup;
			children = (
				702335E212FB51EF000C7BE5 /* gtest-death-test-internal.h */,
				702335E312FB51EF000C7BE5 /* gtest-filepath.h */,
				702335E412FB51EF000C7BE5 /* gtest-internal-inl.h */,
				702335E512FB51EF000C7BE5 /* gtest-internal.h */,
				702335E612FB51EF000C7BE5 /* gtest-linked_ptr.h */,
				702335E712FB51EF000C7BE5 /* gtest-param-util-generated.h */,
				702335E812FB51EF000C7BE5 /* gtest-param-util.h */,
				702335E912FB51EF000C7BE5 /* gtest-port.h */,
				702335EA12FB51EF000C7BE5 /* gtest-string.h */,
				702335EB12FB51EF000C7BE5 /* gtest-tuple.h */,
				702335EC12FB51EF000C7BE5 /* gtest-type-util.h */,
			);
			path = internal;
			sourceTree = "<group>";
		};
		702335EF12FB5281000C7BE5 /* core */ = {
			isa = PBXGroup;
			children = (
				702335F012FB5281000C7BE5 /* Array.cc */,
				70EE0D781309DB8300D6C016 /* ArrayUtils.cc */,
				70EE0D791309DB8300D6C016 /* ConditionVariable.cc */,
				70EE0D7A1309DB8300D6C016 /* FileSystem.cc */,
				70EE0D7B1309DB8300D6C016 /* List.cc */,
				70EE0D7C1309DB8300D6C016 /* Map.cc */,
				70EE0D7D1309DB8300D6C016 /* Mutex.cc */,
				70EE0D7E1309DB8300D6C016 /* Pair.cc */,
				70EE0D7F1309DB8300D6C016 /* RWLock.cc */,
				70EE0D801309DB8300D6C016 /* Set.cc */,
				70EE0D811309DB8300D6C016 /* SmartPtr.cc */,
				70EE0D821309DB8300D6C016 /* String.cc */,
				70EE0D831309DB8300D6C016 /* StringBuffer.cc */,
				70EE0D841309DB8300D6C016 /* Thread.cc */,
				70EE0D851309DB8300D6C016 /* ThreadSpecific.cc */,
			);
			path = core;
			sourceTree = "<group>";
		};
		7023361C12FB5900000C7BE5 /* include */ = {
			isa = PBXGroup;
			children = (
				7023361D12FB5900000C7BE5 /* core */,
				7023364012FC4E19000C7BE5 /* platform */,
				70EE0DA6130AED4800D6C016 /* stat */,
				70EE0D701309A40400D6C016 /* core.h */,
				70EE0D971309E04B00D6C016 /* platform.h */,
				70EE0DAE130AEDB700D6C016 /* stat.h */,
			);
			name = include;
			path = include/apto;
			sourceTree = "<group>";
		};
		7023361D12FB5900000C7BE5 /* core */ = {
			isa = PBXGroup;
			children = (
				7023369B12FC57BE000C7BE5 /* Array.h */,
				706B1E9E12FCA5C9006EAB7F /* ArrayUtils.h */,
				7043BEE913059E1200EA53D6 /* ArrayStorage.h */,
				702336AF12FC8012000C7BE5 /* Atomic.h */,
				702336A812FC64AC000C7BE5 /* ConditionVariable.h */,
				706B1E9512FC9BA2006EAB7F /* EntryHandle.h */,
				7023362112FB5AA1000C7BE5 /* FileSystem.h */,
				706B1E9A12FC9E97006EAB7F /* Iterator.h */,
				70EE0D6F13099C0A00D6C016 /* List.h */,
				7043BEE31305925600EA53D6 /* Map.h */,
				7023369F12FC5FDD000C7BE5 /* Mutex.h */,
				702336C212FC94AA000C7BE5 /* Pair.h */,
				702336AA12FC7309000C7BE5 /* RWLock.h */,
				702336B712FC9106000C7BE5 /* RefCount.h */,
				70E1ECDC1301D40500F75FA2 /* RefTransport.h */,
				70EAB1FD1305E866005B0BBF /* Set.h */,
				70E1ECDA1300E2CB00F75FA2 /* SmartPtr.h */,
				7043BEA91304707200EA53D6 /* String.h */,
				706B43221304D52000470F38 /* StringBuffer.h */,
				7023369C12FC5F33000C7BE5 /* Thread.h */,
				702336A912FC7203000C7BE5 /* ThreadSpecific.h */,
				70E1ECDB1301C85A00F75FA2 /* TypeSelect.h */,
			);
			path = core;
			sourceTree = "<group>";
		};
		7023364012FC4E19000C7BE5 /* platform */ = {
			isa = PBXGroup;
			children = (
				7023364112FC4E19000C7BE5 /* FloatingPoint.h */,
				7023364212FC4E19000C7BE5 /* Platform.h */,
			);
			path = platform;
			sourceTree = "<group>";
		};
		7023364312FC4E31000C7BE5 /* platform */ = {
			isa = PBXGroup;
			children = (
				7023364412FC4E31000C7BE5 /* Platform.cc */,
			);
			name = platform;
			path = src/platform;
			sourceTree = "<group>";
		};
		709B2F81131C3A650081E874 /* fexact */ = {
			isa = PBXGroup;
			children = (
				709B2F82131C3A650081E874 /* main.cc */,
			);
			path = fexact;
			sourceTree = "<group>";
		};
		70EE0D941309DD3C00D6C016 /* platform */ = {
			isa = PBXGroup;
			children = (
				70EE0D951309DD3D00D6C016 /* FloatingPoint.cc */,
			);
			path = platform;
			sourceTree = "<group>";
		};
		70EE0DA6130AED4800D6C016 /* stat */ = {
			isa = PBXGroup;
			children = (
				70EE0DA7130AED4800D6C016 /* ContingencyTable.h */,
				70EE0DA8130AED4800D6C016 /* Functions.h */,
			);
			path = stat;
			sourceTree = "<group>";
		};
		70EE0DA9130AED6700D6C016 /* stat */ = {
			isa = PBXGroup;
			children = (
				70EE0DAA130AED6700D6C016 /* ContingencyTable.cc */,
				70EE0DAB130AED6700D6C016 /* FishersExact.cc */,
			);
			name = stat;
			path = src/stat;
			sourceTree = "<group>";
		};
		70EE0DB5130B17B100D6C016 /* stat */ = {
			isa = PBXGroup;
			children = (
				704031F51314259100F2F055 /* Functions.cc */,
				70EE0DB6130B17B100D6C016 /* ContingencyTable.cc */,
			);
			path = stat;
			sourceTree = "<group>";
		};
/* End PBXGroup section */

/* Begin PBXHeadersBuildPhase section */
		7023364512FC50C1000C7BE5 /* Headers */ = {
			isa = PBXHeadersBuildPhase;
			buildActionMask = 2147483647;
			files = (
			);
			runOnlyForDeploymentPostprocessing = 0;
		};
		7023366712FC5320000C7BE5 /* Headers */ = {
			isa = PBXHeadersBuildPhase;
			buildActionMask = 2147483647;
			files = (
			);
			runOnlyForDeploymentPostprocessing = 0;
		};
/* End PBXHeadersBuildPhase section */

/* Begin PBXNativeTarget section */
		7023364812FC50C1000C7BE5 /* apto */ = {
			isa = PBXNativeTarget;
			buildConfigurationList = 7023364D12FC50C1000C7BE5 /* Build configuration list for PBXNativeTarget "apto" */;
			buildPhases = (
				7023364512FC50C1000C7BE5 /* Headers */,
				7023364612FC50C1000C7BE5 /* Sources */,
				7023364712FC50C1000C7BE5 /* Frameworks */,
			);
			buildRules = (
			);
			dependencies = (
			);
			name = apto;
			productName = apto;
			productReference = 7023364912FC50C1000C7BE5 /* libapto.a */;
			productType = "com.apple.product-type.library.static";
		};
		7023366A12FC5320000C7BE5 /* gtest */ = {
			isa = PBXNativeTarget;
			buildConfigurationList = 7023367412FC5375000C7BE5 /* Build configuration list for PBXNativeTarget "gtest" */;
			buildPhases = (
				7023366712FC5320000C7BE5 /* Headers */,
				7023366812FC5320000C7BE5 /* Sources */,
				7023366912FC5320000C7BE5 /* Frameworks */,
			);
			buildRules = (
			);
			dependencies = (
			);
			name = gtest;
			productName = gtest;
			productReference = 7023366B12FC5320000C7BE5 /* libgtest.a */;
			productType = "com.apple.product-type.library.static";
		};
		709B2F86131C3B470081E874 /* fexact */ = {
			isa = PBXNativeTarget;
			buildConfigurationList = 709B2F8D131C3B480081E874 /* Build configuration list for PBXNativeTarget "fexact" */;
			buildPhases = (
				709B2F83131C3B470081E874 /* Sources */,
				709B2F84131C3B470081E874 /* Frameworks */,
				709B2F85131C3B470081E874 /* CopyFiles */,
			);
			buildRules = (
			);
			dependencies = (
			);
			name = fexact;
			productName = fexact;
			productReference = 709B2F87131C3B470081E874 /* fexact */;
			productType = "com.apple.product-type.tool";
		};
		8DD76F620486A84900D96B5E /* apto-test */ = {
			isa = PBXNativeTarget;
			buildConfigurationList = 1DEB923108733DC60010E9CD /* Build configuration list for PBXNativeTarget "apto-test" */;
			buildPhases = (
				8DD76F640486A84900D96B5E /* Sources */,
				8DD76F660486A84900D96B5E /* Frameworks */,
				8DD76F690486A84900D96B5E /* CopyFiles */,
			);
			buildRules = (
			);
			dependencies = (
				7023366412FC52CD000C7BE5 /* PBXTargetDependency */,
				7023367612FC5399000C7BE5 /* PBXTargetDependency */,
			);
			name = "apto-test";
			productInstallPath = "$(HOME)/bin";
			productName = Apto;
			productReference = 8DD76F6C0486A84900D96B5E /* apto-test */;
			productType = "com.apple.product-type.tool";
		};
/* End PBXNativeTarget section */

/* Begin PBXProject section */
		08FB7793FE84155DC02AAC07 /* Project object */ = {
			isa = PBXProject;
			buildConfigurationList = 1DEB923508733DC60010E9CD /* Build configuration list for PBXProject "Apto" */;
			compatibilityVersion = "Xcode 3.1";
			developmentRegion = English;
			hasScannedForEncodings = 1;
			knownRegions = (
				English,
				Japanese,
				French,
				German,
			);
			mainGroup = 08FB7794FE84155DC02AAC07 /* Apto */;
			productRefGroup = 08FB7794FE84155DC02AAC07 /* Apto */;
			projectDirPath = "";
			projectRoot = "";
			targets = (
				7023364812FC50C1000C7BE5 /* apto */,
				8DD76F620486A84900D96B5E /* apto-test */,
				7023366A12FC5320000C7BE5 /* gtest */,
				709B2F86131C3B470081E874 /* fexact */,
			);
		};
/* End PBXProject section */

/* Begin PBXSourcesBuildPhase section */
		7023364612FC50C1000C7BE5 /* Sources */ = {
			isa = PBXSourcesBuildPhase;
			buildActionMask = 2147483647;
			files = (
				7089301B1304F2F200F8C440 /* FileSystem.cc in Sources */,
				7023366612FC52E0000C7BE5 /* Platform.cc in Sources */,
				7023369E12FC5F51000C7BE5 /* Thread.cc in Sources */,
				706B1E9712FC9C2C006EAB7F /* RefCount.cc in Sources */,
				706B1E9912FC9C44006EAB7F /* EntryHandle.cc in Sources */,
				70EE0DAC130AED6700D6C016 /* ContingencyTable.cc in Sources */,
				70EE0DAD130AED6700D6C016 /* FishersExact.cc in Sources */,
			);
			runOnlyForDeploymentPostprocessing = 0;
		};
		7023366812FC5320000C7BE5 /* Sources */ = {
			isa = PBXSourcesBuildPhase;
			buildActionMask = 2147483647;
			files = (
				7023366E12FC533E000C7BE5 /* gtest.cc in Sources */,
				7023366F12FC5344000C7BE5 /* gtest-death-test.cc in Sources */,
				7023367012FC5348000C7BE5 /* gtest-filepath.cc in Sources */,
				7023367112FC534E000C7BE5 /* gtest-port.cc in Sources */,
				7023367212FC5352000C7BE5 /* gtest-test-part.cc in Sources */,
				7023367312FC5357000C7BE5 /* gtest-typed-test.cc in Sources */,
			);
			runOnlyForDeploymentPostprocessing = 0;
		};
		709B2F83131C3B470081E874 /* Sources */ = {
			isa = PBXSourcesBuildPhase;
			buildActionMask = 2147483647;
			files = (
				709B2F90131C3B5B0081E874 /* main.cc in Sources */,
			);
			runOnlyForDeploymentPostprocessing = 0;
		};
		8DD76F640486A84900D96B5E /* Sources */ = {
			isa = PBXSourcesBuildPhase;
			buildActionMask = 2147483647;
			files = (
				8DD76F650486A84900D96B5E /* main.cc in Sources */,
				70EE0D711309B1C400D6C016 /* Array.cc in Sources */,
				70EE0D861309DB8400D6C016 /* ArrayUtils.cc in Sources */,
				70EE0D871309DB8400D6C016 /* ConditionVariable.cc in Sources */,
				70EE0D881309DB8400D6C016 /* FileSystem.cc in Sources */,
				70EE0D891309DB8400D6C016 /* List.cc in Sources */,
				70EE0D8A1309DB8400D6C016 /* Map.cc in Sources */,
				70EE0D8B1309DB8400D6C016 /* Mutex.cc in Sources */,
				70EE0D8C1309DB8400D6C016 /* Pair.cc in Sources */,
				70EE0D8D1309DB8400D6C016 /* RWLock.cc in Sources */,
				70EE0D8E1309DB8400D6C016 /* Set.cc in Sources */,
				70EE0D8F1309DB8400D6C016 /* SmartPtr.cc in Sources */,
				70EE0D901309DB8400D6C016 /* String.cc in Sources */,
				70EE0D911309DB8400D6C016 /* StringBuffer.cc in Sources */,
				70EE0D921309DB8400D6C016 /* Thread.cc in Sources */,
				70EE0D931309DB8400D6C016 /* ThreadSpecific.cc in Sources */,
				70EE0D961309DD3D00D6C016 /* FloatingPoint.cc in Sources */,
				70EE0DB7130B17B100D6C016 /* ContingencyTable.cc in Sources */,
				704031F61314259100F2F055 /* Functions.cc in Sources */,
			);
			runOnlyForDeploymentPostprocessing = 0;
		};
/* End PBXSourcesBuildPhase section */

/* Begin PBXTargetDependency section */
		7023366412FC52CD000C7BE5 /* PBXTargetDependency */ = {
			isa = PBXTargetDependency;
			target = 7023364812FC50C1000C7BE5 /* apto */;
			targetProxy = 7023366312FC52CD000C7BE5 /* PBXContainerItemProxy */;
		};
		7023367612FC5399000C7BE5 /* PBXTargetDependency */ = {
			isa = PBXTargetDependency;
			target = 7023366A12FC5320000C7BE5 /* gtest */;
			targetProxy = 7023367512FC5399000C7BE5 /* PBXContainerItemProxy */;
		};
/* End PBXTargetDependency section */

/* Begin XCBuildConfiguration section */
		1DEB923208733DC60010E9CD /* Debug */ = {
			isa = XCBuildConfiguration;
			buildSettings = {
				GCC_ENABLE_FIX_AND_CONTINUE = YES;
				PRODUCT_NAME = "apto-test";
			};
			name = Debug;
		};
		1DEB923308733DC60010E9CD /* Release */ = {
			isa = XCBuildConfiguration;
			buildSettings = {
				PRODUCT_NAME = "apto-test";
			};
			name = Release;
		};
		1DEB923608733DC60010E9CD /* Debug */ = {
			isa = XCBuildConfiguration;
			buildSettings = {
				ALWAYS_SEARCH_USER_PATHS = NO;
				ARCHS = "$(ARCHS_STANDARD_32_64_BIT)";
				COPY_PHASE_STRIP = NO;
				DEBUG_INFORMATION_FORMAT = "dwarf-with-dsym";
				GCC_OPTIMIZATION_LEVEL = 0;
				GCC_VERSION = com.apple.compilers.llvm.clang.1_0;
				GCC_WARN_ABOUT_RETURN_TYPE = YES;
				GCC_WARN_UNUSED_VARIABLE = YES;
				HEADER_SEARCH_PATHS = (
					include,
					utils/unittest/googletest/include,
				);
				ONLY_ACTIVE_ARCH = YES;
				SDKROOT = "";
				STRIP_INSTALLED_PRODUCT = NO;
			};
			name = Debug;
		};
		1DEB923708733DC60010E9CD /* Release */ = {
			isa = XCBuildConfiguration;
			buildSettings = {
				ALWAYS_SEARCH_USER_PATHS = NO;
				ARCHS = "$(ARCHS_STANDARD_32_64_BIT)";
				DEBUG_INFORMATION_FORMAT = "dwarf-with-dsym";
				GCC_DYNAMIC_NO_PIC = YES;
				GCC_ENABLE_SSE3_EXTENSIONS = YES;
				GCC_ENABLE_SUPPLEMENTAL_SSE3_INSTRUCTIONS = YES;
				GCC_INLINES_ARE_PRIVATE_EXTERN = YES;
				GCC_OPTIMIZATION_LEVEL = 3;
				GCC_PREPROCESSOR_DEFINITIONS = NDEBUG;
				GCC_STRICT_ALIASING = YES;
				GCC_UNROLL_LOOPS = YES;
				GCC_VERSION = com.apple.compilers.llvm.clang.1_0;
				GCC_WARN_ABOUT_RETURN_TYPE = YES;
				GCC_WARN_UNUSED_VARIABLE = YES;
				HEADER_SEARCH_PATHS = (
					include,
					utils/unittest/googletest/include,
				);
				SDKROOT = "";
				STRIP_INSTALLED_PRODUCT = NO;
				WARNING_CFLAGS = (
					"-Wno-unknown-pragmas",
					"-Wno-four-char-constants",
					"-Wextra",
				);
			};
			name = Release;
		};
		7023364B12FC50C1000C7BE5 /* Debug */ = {
			isa = XCBuildConfiguration;
			buildSettings = {
				GCC_ENABLE_FIX_AND_CONTINUE = YES;
				PRODUCT_NAME = apto;
			};
			name = Debug;
		};
		7023364C12FC50C1000C7BE5 /* Release */ = {
			isa = XCBuildConfiguration;
			buildSettings = {
				GCC_ENABLE_FIX_AND_CONTINUE = NO;
				PRODUCT_NAME = apto;
			};
			name = Release;
		};
		7023366C12FC5320000C7BE5 /* Debug */ = {
			isa = XCBuildConfiguration;
			buildSettings = {
				GCC_ENABLE_FIX_AND_CONTINUE = YES;
				PRODUCT_NAME = gtest;
			};
			name = Debug;
		};
		7023366D12FC5320000C7BE5 /* Release */ = {
			isa = XCBuildConfiguration;
			buildSettings = {
				GCC_ENABLE_FIX_AND_CONTINUE = NO;
				PRODUCT_NAME = gtest;
			};
			name = Release;
		};
		709B2F8E131C3B480081E874 /* Debug */ = {
			isa = XCBuildConfiguration;
			buildSettings = {
				PRODUCT_NAME = "$(TARGET_NAME)";
			};
			name = Debug;
		};
		709B2F8F131C3B480081E874 /* Release */ = {
			isa = XCBuildConfiguration;
			buildSettings = {
				PRODUCT_NAME = "$(TARGET_NAME)";
			};
			name = Release;
		};
/* End XCBuildConfiguration section */

/* Begin XCConfigurationList section */
		1DEB923108733DC60010E9CD /* Build configuration list for PBXNativeTarget "apto-test" */ = {
			isa = XCConfigurationList;
			buildConfigurations = (
				1DEB923208733DC60010E9CD /* Debug */,
				1DEB923308733DC60010E9CD /* Release */,
			);
			defaultConfigurationIsVisible = 0;
			defaultConfigurationName = Release;
		};
		1DEB923508733DC60010E9CD /* Build configuration list for PBXProject "Apto" */ = {
			isa = XCConfigurationList;
			buildConfigurations = (
				1DEB923608733DC60010E9CD /* Debug */,
				1DEB923708733DC60010E9CD /* Release */,
			);
			defaultConfigurationIsVisible = 0;
			defaultConfigurationName = Release;
		};
		7023364D12FC50C1000C7BE5 /* Build configuration list for PBXNativeTarget "apto" */ = {
			isa = XCConfigurationList;
			buildConfigurations = (
				7023364B12FC50C1000C7BE5 /* Debug */,
				7023364C12FC50C1000C7BE5 /* Release */,
			);
			defaultConfigurationIsVisible = 0;
			defaultConfigurationName = Release;
		};
		7023367412FC5375000C7BE5 /* Build configuration list for PBXNativeTarget "gtest" */ = {
			isa = XCConfigurationList;
			buildConfigurations = (
				7023366C12FC5320000C7BE5 /* Debug */,
				7023366D12FC5320000C7BE5 /* Release */,
			);
			defaultConfigurationIsVisible = 0;
			defaultConfigurationName = Release;
		};
		709B2F8D131C3B480081E874 /* Build configuration list for PBXNativeTarget "fexact" */ = {
			isa = XCConfigurationList;
			buildConfigurations = (
				709B2F8E131C3B480081E874 /* Debug */,
				709B2F8F131C3B480081E874 /* Release */,
			);
			defaultConfigurationIsVisible = 0;
		};
/* End XCConfigurationList section */
	};
	rootObject = 08FB7793FE84155DC02AAC07 /* Project object */;
}
